Microsoft Visual Studio Solution File, Format Version 8.00
Project("{FAE04EC0-301F-11D3-BF4B-00C04F79EFBC}") = "SharpLibrary", "SharpLibrary.csproj", "{EF17DE45-C757-48BF-BE3B-FD8E1D72E154}"
	ProjectSection(ProjectDependencies) = postProject
	EndProjectSection
EndProject
Global
	GlobalSection(SolutionConfiguration) = preSolution
		Debug = Debug
		Demo = Demo
		Release = Release
	EndGlobalSection
	GlobalSection(ProjectConfiguration) = postSolution
		{EF17DE45-C757-48BF-BE3B-FD8E1D72E154}.Debug.ActiveCfg = Debug|.NET
		{EF17DE45-C757-48BF-BE3B-FD8E1D72E154}.Debug.Build.0 = Debug|.NET
		{EF17DE45-C757-48BF-BE3B-FD8E1D72E154}.Demo.ActiveCfg = Demo|.NET
		{EF17DE45-C757-48BF-BE3B-FD8E1D72E154}.Demo.Build.0 = Demo|.NET
		{EF17DE45-C757-48BF-BE3B-FD8E1D72E154}.Release.ActiveCfg = Release|.NET
		{EF17DE45-C757-48BF-BE3B-FD8E1D72E154}.Release.Build.0 = Release|.NET
	EndGlobalSection
	GlobalSection(ExtensibilityGlobals) = postSolution
	EndGlobalSection
	GlobalSection(ExtensibilityAddIns) = postSolution
	EndGlobalSection
EndGlobal
