
Microsoft Visual Studio Solution File, Format Version 12.00
# Visual Studio 2013
VisualStudioVersion = 12.0.31101.0
MinimumVisualStudioVersion = 10.0.40219.1
Project("{2150E333-8FDC-42A3-9474-1A3956D46DE8}") = "Solution Items", "Solution Items", "{4FA44B08-A3C8-4E8D-A5B0-111BDDF30849}"
	ProjectSection(SolutionItems) = preProject
		KiSS4.FAMOZ.Confuser.crproj = KiSS4.FAMOZ.Confuser.crproj
		KiSS4.FAMOZ.ConfuserEx.crproj = KiSS4.FAMOZ.ConfuserEx.crproj
		KiSSSvc.vsmdi = KiSSSvc.vsmdi
		LocalTestRun.testrunconfig = LocalTestRun.testrunconfig
	EndProjectSection
EndProject
Project("{FAE04EC0-301F-11D3-BF4B-00C04F79EFBC}") = "KiSSSvc.Test.UnitTest", "KiSSSvc.Test.NUnitTest\KiSSSvc.Test.UnitTest.csproj", "{5CBC6A98-2B65-4EF0-8319-7D21267F1CD5}"
EndProject
Project("{FAE04EC0-301F-11D3-BF4B-00C04F79EFBC}") = "KiSSSvc.Test.TestGUI", "KiSSSvc.Test.TestGUI\KiSSSvc.Test.TestGUI.csproj", "{FB153F58-D0F8-466F-935E-42B1083ED4DB}"
EndProject
Project("{FAE04EC0-301F-11D3-BF4B-00C04F79EFBC}") = "KiSSSvc.SAP.Helpers", "KiSSSvc.SAP.Helpers\KiSSSvc.SAP.Helpers.csproj", "{AD3C3F77-C1A9-4660-A757-C10CF437A4BC}"
EndProject
Project("{FAE04EC0-301F-11D3-BF4B-00C04F79EFBC}") = "KiSSSvc.SAP.PSCD.WebServiceHelper", "KiSSSvc.SAP.PSCD.WebServiceHelper\KiSSSvc.SAP.PSCD.WebServiceHelper.csproj", "{1EFC64C5-B0C5-4BED-8936-A24B641725B4}"
EndProject
Project("{FAE04EC0-301F-11D3-BF4B-00C04F79EFBC}") = "KiSSSvc.SAP.PSCD.Notification", "KiSSSvc.SAP.PSCD.Notification\KiSSSvc.SAP.PSCD.Notification.csproj", "{9AC8A363-F6A0-4EE1-98F7-3AC5B5FDF9A2}"
EndProject
Project("{FAE04EC0-301F-11D3-BF4B-00C04F79EFBC}") = "KiSSSvc.SAP.PSCD.BudgetData", "KiSSSvc.SAP.PSCD.BudgetData\KiSSSvc.SAP.PSCD.BudgetData.csproj", "{DF523F5D-B8D4-468E-B3C6-D91F07D1C75C}"
EndProject
Project("{FAE04EC0-301F-11D3-BF4B-00C04F79EFBC}") = "KiSSSvc.Logging", "KiSSSvc.Logging\KiSSSvc.Logging.csproj", "{3A67D31E-4CF6-4B4F-BB86-BA77EC641CA6}"
EndProject
Project("{FAE04EC0-301F-11D3-BF4B-00C04F79EFBC}") = "KiSSSvc.SAP.PSCD.KiSSClientInterface", "KiSSSvc.SAP.PSCD.KiSSClientInterface\KiSSSvc.SAP.PSCD.KiSSClientInterface.csproj", "{BD417E9D-E79C-4C4D-B8DF-F6C54F2BAEA6}"
EndProject
Project("{FAE04EC0-301F-11D3-BF4B-00C04F79EFBC}") = "KiSSSvc.SAP.PSCD.InfoFetcher", "KiSSSvc.SAP.PSCD.SettlementInfoFetcher\KiSSSvc.SAP.PSCD.InfoFetcher.csproj", "{1463148E-E2EA-4F7A-BCB7-73BD70539414}"
EndProject
Project("{FAE04EC0-301F-11D3-BF4B-00C04F79EFBC}") = "KiSSSvc.DAL", "KiSSSvc.DAL\KiSSSvc.DAL.csproj", "{48165860-4F1B-4B21-A024-F244BDB191E4}"
EndProject
Project("{FAE04EC0-301F-11D3-BF4B-00C04F79EFBC}") = "KiSSSvc.BLL", "KiSSSvc.SAP.PSCD.BLL\KiSSSvc.BLL.csproj", "{61AF1142-4575-4912-A0C0-4E6D2FF6E308}"
EndProject
Project("{FAE04EC0-301F-11D3-BF4B-00C04F79EFBC}") = "TriggerTrigger", "TriggerTrigger\TriggerTrigger.csproj", "{AC801E6C-7DFE-4F3A-AE7E-DA37AD9D1715}"
EndProject
Project("{FAE04EC0-301F-11D3-BF4B-00C04F79EFBC}") = "KiSSSvc.WorkerProcess.KiSSClientInterfaceAsync", "KiSSSvc.WorkerProcessInterfaceAsync\KiSSSvc.WorkerProcess.KiSSClientInterfaceAsync.csproj", "{7CB453F6-04DD-4ECE-8638-2AC5412A6A3B}"
EndProject
Project("{FAE04EC0-301F-11D3-BF4B-00C04F79EFBC}") = "KiSSSvc.SVA", "KiSSSvc.SVA\KiSSSvc.SVA.csproj", "{6E2DB342-E044-4567-A4E8-CE4B691DB332}"
EndProject
Project("{FAE04EC0-301F-11D3-BF4B-00C04F79EFBC}") = "UnitTests", "UnitTests\UnitTests.csproj", "{4458F388-F8BF-4FD0-BE87-EA14297579C5}"
EndProject
Project("{FAE04EC0-301F-11D3-BF4B-00C04F79EFBC}") = "KiSSSvc.ZKBDokumente", "KiSSSvc.ZKBDokumente\KiSSSvc.ZKBDokumente.csproj", "{874E6A7E-FBBB-4C92-B1B5-D84576093E52}"
EndProject
Project("{FAE04EC0-301F-11D3-BF4B-00C04F79EFBC}") = "KiSSSvc.SAP.PSCD.Mock", "KiSSSvc.SAP.PSCD.Mock\KiSSSvc.SAP.PSCD.Mock.csproj", "{33176A3F-5F5C-4BBC-8353-309DE72AD8B6}"
EndProject
Global
	GlobalSection(TeamFoundationVersionControl) = preSolution
		SccNumberOfProjects = 18
		SccEnterpriseProvider = {4CA58AB2-18FA-4F8D-95D4-32DDF27D184C}
		SccTeamFoundationServer = http://bisrv1076.ad.bedag.ch:8080/tfs/kiss-projects
		SccLocalPath0 = .
		SccProjectUniqueName1 = KiSSSvc.DAL\\KiSSSvc.DAL.csproj
		SccLocalPath1 = .
		SccProjectFilePathRelativizedFromConnection1 = KiSSSvc.DAL\\
		SccProjectUniqueName2 = KiSSSvc.Logging\\KiSSSvc.Logging.csproj
		SccLocalPath2 = .
		SccProjectFilePathRelativizedFromConnection2 = KiSSSvc.Logging\\
		SccProjectUniqueName3 = KiSSSvc.SAP.Helpers\\KiSSSvc.SAP.Helpers.csproj
		SccLocalPath3 = .
		SccProjectFilePathRelativizedFromConnection3 = KiSSSvc.SAP.Helpers\\
		SccProjectUniqueName4 = KiSSSvc.SAP.PSCD.BLL\\KiSSSvc.BLL.csproj
		SccLocalPath4 = .
		SccProjectFilePathRelativizedFromConnection4 = KiSSSvc.SAP.PSCD.BLL\\
		SccProjectUniqueName5 = KiSSSvc.SAP.PSCD.BudgetData\\KiSSSvc.SAP.PSCD.BudgetData.csproj
		SccLocalPath5 = .
		SccProjectFilePathRelativizedFromConnection5 = KiSSSvc.SAP.PSCD.BudgetData\\
		SccProjectUniqueName6 = KiSSSvc.SAP.PSCD.KiSSClientInterface\\KiSSSvc.SAP.PSCD.KiSSClientInterface.csproj
		SccLocalPath6 = .
		SccProjectFilePathRelativizedFromConnection6 = KiSSSvc.SAP.PSCD.KiSSClientInterface\\
		SccProjectUniqueName7 = KiSSSvc.SAP.PSCD.Notification\\KiSSSvc.SAP.PSCD.Notification.csproj
		SccLocalPath7 = .
		SccProjectFilePathRelativizedFromConnection7 = KiSSSvc.SAP.PSCD.Notification\\
		SccProjectUniqueName8 = KiSSSvc.SAP.PSCD.SettlementInfoFetcher\\KiSSSvc.SAP.PSCD.InfoFetcher.csproj
		SccLocalPath8 = .
		SccProjectFilePathRelativizedFromConnection8 = KiSSSvc.SAP.PSCD.SettlementInfoFetcher\\
		SccProjectUniqueName9 = KiSSSvc.SAP.PSCD.WebServiceHelper\\KiSSSvc.SAP.PSCD.WebServiceHelper.csproj
		SccLocalPath9 = .
		SccProjectFilePathRelativizedFromConnection9 = KiSSSvc.SAP.PSCD.WebServiceHelper\\
		SccProjectUniqueName10 = KiSSSvc.Test.NUnitTest\\KiSSSvc.Test.UnitTest.csproj
		SccLocalPath10 = .
		SccProjectFilePathRelativizedFromConnection10 = KiSSSvc.Test.NUnitTest\\
		SccProjectUniqueName11 = KiSSSvc.Test.TestGUI\\KiSSSvc.Test.TestGUI.csproj
		SccLocalPath11 = .
		SccProjectFilePathRelativizedFromConnection11 = KiSSSvc.Test.TestGUI\\
		SccProjectUniqueName12 = TriggerTrigger\\TriggerTrigger.csproj
		SccLocalPath12 = .
		SccProjectFilePathRelativizedFromConnection12 = TriggerTrigger\\
		SccProjectUniqueName13 = KiSSSvc.WorkerProcessInterfaceAsync\\KiSSSvc.WorkerProcess.KiSSClientInterfaceAsync.csproj
		SccLocalPath13 = .
		SccProjectFilePathRelativizedFromConnection13 = KiSSSvc.WorkerProcessInterfaceAsync\\
		SccProjectUniqueName14 = KiSSSvc.SVA\\KiSSSvc.SVA.csproj
		SccLocalPath14 = .
		SccProjectFilePathRelativizedFromConnection14 = KiSSSvc.SVA\\
		SccProjectUniqueName15 = UnitTests\\UnitTests.csproj
		SccLocalPath15 = .
		SccProjectFilePathRelativizedFromConnection15 = UnitTests\\
		SccProjectUniqueName16 = KiSSSvc.ZKBDokumente\\KiSSSvc.ZKBDokumente.csproj
		SccProjectName16 = KiSSSvc.ZKBDokumente
		SccLocalPath16 = KiSSSvc.ZKBDokumente
		SccProjectUniqueName17 = KiSSSvc.SAP.PSCD.Mock\\KiSSSvc.SAP.PSCD.Mock.csproj
		SccProjectName17 = KiSSSvc.SAP.PSCD.Mock
		SccLocalPath17 = KiSSSvc.SAP.PSCD.Mock
	EndGlobalSection
	GlobalSection(SolutionConfigurationPlatforms) = preSolution
		Debug|.NET = Debug|.NET
		Debug|Any CPU = Debug|Any CPU
		Debug|Mixed Platforms = Debug|Mixed Platforms
		Debug|x86 = Debug|x86
		Release|.NET = Release|.NET
		Release|Any CPU = Release|Any CPU
		Release|Mixed Platforms = Release|Mixed Platforms
		Release|x86 = Release|x86
	EndGlobalSection
	GlobalSection(ProjectConfigurationPlatforms) = postSolution
		{5CBC6A98-2B65-4EF0-8319-7D21267F1CD5}.Debug|.NET.ActiveCfg = Debug|Any CPU
		{5CBC6A98-2B65-4EF0-8319-7D21267F1CD5}.Debug|Any CPU.ActiveCfg = Debug|Any CPU
		{5CBC6A98-2B65-4EF0-8319-7D21267F1CD5}.Debug|Any CPU.Build.0 = Debug|Any CPU
		{5CBC6A98-2B65-4EF0-8319-7D21267F1CD5}.Debug|Mixed Platforms.ActiveCfg = Debug|Any CPU
		{5CBC6A98-2B65-4EF0-8319-7D21267F1CD5}.Debug|Mixed Platforms.Build.0 = Debug|Any CPU
		{5CBC6A98-2B65-4EF0-8319-7D21267F1CD5}.Debug|x86.ActiveCfg = Debug|Any CPU
		{5CBC6A98-2B65-4EF0-8319-7D21267F1CD5}.Release|.NET.ActiveCfg = Release|Any CPU
		{5CBC6A98-2B65-4EF0-8319-7D21267F1CD5}.Release|Any CPU.ActiveCfg = Release|Any CPU
		{5CBC6A98-2B65-4EF0-8319-7D21267F1CD5}.Release|Any CPU.Build.0 = Release|Any CPU
		{5CBC6A98-2B65-4EF0-8319-7D21267F1CD5}.Release|Mixed Platforms.ActiveCfg = Release|Any CPU
		{5CBC6A98-2B65-4EF0-8319-7D21267F1CD5}.Release|Mixed Platforms.Build.0 = Release|Any CPU
		{5CBC6A98-2B65-4EF0-8319-7D21267F1CD5}.Release|x86.ActiveCfg = Release|Any CPU
		{FB153F58-D0F8-466F-935E-42B1083ED4DB}.Debug|.NET.ActiveCfg = Debug|Any CPU
		{FB153F58-D0F8-466F-935E-42B1083ED4DB}.Debug|Any CPU.ActiveCfg = Debug|Any CPU
		{FB153F58-D0F8-466F-935E-42B1083ED4DB}.Debug|Any CPU.Build.0 = Debug|Any CPU
		{FB153F58-D0F8-466F-935E-42B1083ED4DB}.Debug|Mixed Platforms.ActiveCfg = Debug|Any CPU
		{FB153F58-D0F8-466F-935E-42B1083ED4DB}.Debug|Mixed Platforms.Build.0 = Debug|Any CPU
		{FB153F58-D0F8-466F-935E-42B1083ED4DB}.Debug|x86.ActiveCfg = Debug|Any CPU
		{FB153F58-D0F8-466F-935E-42B1083ED4DB}.Release|.NET.ActiveCfg = Release|Any CPU
		{FB153F58-D0F8-466F-935E-42B1083ED4DB}.Release|Any CPU.ActiveCfg = Release|Any CPU
		{FB153F58-D0F8-466F-935E-42B1083ED4DB}.Release|Any CPU.Build.0 = Release|Any CPU
		{FB153F58-D0F8-466F-935E-42B1083ED4DB}.Release|Mixed Platforms.ActiveCfg = Release|Any CPU
		{FB153F58-D0F8-466F-935E-42B1083ED4DB}.Release|Mixed Platforms.Build.0 = Release|Any CPU
		{FB153F58-D0F8-466F-935E-42B1083ED4DB}.Release|x86.ActiveCfg = Release|Any CPU
		{AD3C3F77-C1A9-4660-A757-C10CF437A4BC}.Debug|.NET.ActiveCfg = Debug|Any CPU
		{AD3C3F77-C1A9-4660-A757-C10CF437A4BC}.Debug|Any CPU.ActiveCfg = Debug|Any CPU
		{AD3C3F77-C1A9-4660-A757-C10CF437A4BC}.Debug|Any CPU.Build.0 = Debug|Any CPU
		{AD3C3F77-C1A9-4660-A757-C10CF437A4BC}.Debug|Mixed Platforms.ActiveCfg = Debug|Any CPU
		{AD3C3F77-C1A9-4660-A757-C10CF437A4BC}.Debug|Mixed Platforms.Build.0 = Debug|Any CPU
		{AD3C3F77-C1A9-4660-A757-C10CF437A4BC}.Debug|x86.ActiveCfg = Debug|Any CPU
		{AD3C3F77-C1A9-4660-A757-C10CF437A4BC}.Release|.NET.ActiveCfg = Release|Any CPU
		{AD3C3F77-C1A9-4660-A757-C10CF437A4BC}.Release|Any CPU.ActiveCfg = Release|Any CPU
		{AD3C3F77-C1A9-4660-A757-C10CF437A4BC}.Release|Any CPU.Build.0 = Release|Any CPU
		{AD3C3F77-C1A9-4660-A757-C10CF437A4BC}.Release|Mixed Platforms.ActiveCfg = Release|Any CPU
		{AD3C3F77-C1A9-4660-A757-C10CF437A4BC}.Release|Mixed Platforms.Build.0 = Release|Any CPU
		{AD3C3F77-C1A9-4660-A757-C10CF437A4BC}.Release|x86.ActiveCfg = Release|Any CPU
		{1EFC64C5-B0C5-4BED-8936-A24B641725B4}.Debug|.NET.ActiveCfg = Debug|Any CPU
		{1EFC64C5-B0C5-4BED-8936-A24B641725B4}.Debug|Any CPU.ActiveCfg = Debug|Any CPU
		{1EFC64C5-B0C5-4BED-8936-A24B641725B4}.Debug|Any CPU.Build.0 = Debug|Any CPU
		{1EFC64C5-B0C5-4BED-8936-A24B641725B4}.Debug|Mixed Platforms.ActiveCfg = Debug|Any CPU
		{1EFC64C5-B0C5-4BED-8936-A24B641725B4}.Debug|Mixed Platforms.Build.0 = Debug|Any CPU
		{1EFC64C5-B0C5-4BED-8936-A24B641725B4}.Debug|x86.ActiveCfg = Debug|Any CPU
		{1EFC64C5-B0C5-4BED-8936-A24B641725B4}.Release|.NET.ActiveCfg = Release|Any CPU
		{1EFC64C5-B0C5-4BED-8936-A24B641725B4}.Release|Any CPU.ActiveCfg = Release|Any CPU
		{1EFC64C5-B0C5-4BED-8936-A24B641725B4}.Release|Any CPU.Build.0 = Release|Any CPU
		{1EFC64C5-B0C5-4BED-8936-A24B641725B4}.Release|Mixed Platforms.ActiveCfg = Release|Any CPU
		{1EFC64C5-B0C5-4BED-8936-A24B641725B4}.Release|Mixed Platforms.Build.0 = Release|Any CPU
		{1EFC64C5-B0C5-4BED-8936-A24B641725B4}.Release|x86.ActiveCfg = Release|Any CPU
		{9AC8A363-F6A0-4EE1-98F7-3AC5B5FDF9A2}.Debug|.NET.ActiveCfg = Debug|Any CPU
		{9AC8A363-F6A0-4EE1-98F7-3AC5B5FDF9A2}.Debug|Any CPU.ActiveCfg = Debug|Any CPU
		{9AC8A363-F6A0-4EE1-98F7-3AC5B5FDF9A2}.Debug|Any CPU.Build.0 = Debug|Any CPU
		{9AC8A363-F6A0-4EE1-98F7-3AC5B5FDF9A2}.Debug|Mixed Platforms.ActiveCfg = Debug|Any CPU
		{9AC8A363-F6A0-4EE1-98F7-3AC5B5FDF9A2}.Debug|Mixed Platforms.Build.0 = Debug|Any CPU
		{9AC8A363-F6A0-4EE1-98F7-3AC5B5FDF9A2}.Debug|x86.ActiveCfg = Debug|Any CPU
		{9AC8A363-F6A0-4EE1-98F7-3AC5B5FDF9A2}.Release|.NET.ActiveCfg = Release|Any CPU
		{9AC8A363-F6A0-4EE1-98F7-3AC5B5FDF9A2}.Release|Any CPU.ActiveCfg = Release|Any CPU
		{9AC8A363-F6A0-4EE1-98F7-3AC5B5FDF9A2}.Release|Any CPU.Build.0 = Release|Any CPU
		{9AC8A363-F6A0-4EE1-98F7-3AC5B5FDF9A2}.Release|Mixed Platforms.ActiveCfg = Release|Any CPU
		{9AC8A363-F6A0-4EE1-98F7-3AC5B5FDF9A2}.Release|Mixed Platforms.Build.0 = Release|Any CPU
		{9AC8A363-F6A0-4EE1-98F7-3AC5B5FDF9A2}.Release|x86.ActiveCfg = Release|Any CPU
		{DF523F5D-B8D4-468E-B3C6-D91F07D1C75C}.Debug|.NET.ActiveCfg = Debug|Any CPU
		{DF523F5D-B8D4-468E-B3C6-D91F07D1C75C}.Debug|Any CPU.ActiveCfg = Debug|Any CPU
		{DF523F5D-B8D4-468E-B3C6-D91F07D1C75C}.Debug|Any CPU.Build.0 = Debug|Any CPU
		{DF523F5D-B8D4-468E-B3C6-D91F07D1C75C}.Debug|Mixed Platforms.ActiveCfg = Debug|Any CPU
		{DF523F5D-B8D4-468E-B3C6-D91F07D1C75C}.Debug|Mixed Platforms.Build.0 = Debug|Any CPU
		{DF523F5D-B8D4-468E-B3C6-D91F07D1C75C}.Debug|x86.ActiveCfg = Debug|Any CPU
		{DF523F5D-B8D4-468E-B3C6-D91F07D1C75C}.Release|.NET.ActiveCfg = Release|Any CPU
		{DF523F5D-B8D4-468E-B3C6-D91F07D1C75C}.Release|Any CPU.ActiveCfg = Release|Any CPU
		{DF523F5D-B8D4-468E-B3C6-D91F07D1C75C}.Release|Any CPU.Build.0 = Release|Any CPU
		{DF523F5D-B8D4-468E-B3C6-D91F07D1C75C}.Release|Mixed Platforms.ActiveCfg = Release|Any CPU
		{DF523F5D-B8D4-468E-B3C6-D91F07D1C75C}.Release|Mixed Platforms.Build.0 = Release|Any CPU
		{DF523F5D-B8D4-468E-B3C6-D91F07D1C75C}.Release|x86.ActiveCfg = Release|Any CPU
		{3A67D31E-4CF6-4B4F-BB86-BA77EC641CA6}.Debug|.NET.ActiveCfg = Debug|Any CPU
		{3A67D31E-4CF6-4B4F-BB86-BA77EC641CA6}.Debug|Any CPU.ActiveCfg = Debug|Any CPU
		{3A67D31E-4CF6-4B4F-BB86-BA77EC641CA6}.Debug|Any CPU.Build.0 = Debug|Any CPU
		{3A67D31E-4CF6-4B4F-BB86-BA77EC641CA6}.Debug|Mixed Platforms.ActiveCfg = Debug|Any CPU
		{3A67D31E-4CF6-4B4F-BB86-BA77EC641CA6}.Debug|Mixed Platforms.Build.0 = Debug|Any CPU
		{3A67D31E-4CF6-4B4F-BB86-BA77EC641CA6}.Debug|x86.ActiveCfg = Debug|Any CPU
		{3A67D31E-4CF6-4B4F-BB86-BA77EC641CA6}.Release|.NET.ActiveCfg = Release|Any CPU
		{3A67D31E-4CF6-4B4F-BB86-BA77EC641CA6}.Release|Any CPU.ActiveCfg = Release|Any CPU
		{3A67D31E-4CF6-4B4F-BB86-BA77EC641CA6}.Release|Any CPU.Build.0 = Release|Any CPU
		{3A67D31E-4CF6-4B4F-BB86-BA77EC641CA6}.Release|Mixed Platforms.ActiveCfg = Release|Any CPU
		{3A67D31E-4CF6-4B4F-BB86-BA77EC641CA6}.Release|Mixed Platforms.Build.0 = Release|Any CPU
		{3A67D31E-4CF6-4B4F-BB86-BA77EC641CA6}.Release|x86.ActiveCfg = Release|Any CPU
		{BD417E9D-E79C-4C4D-B8DF-F6C54F2BAEA6}.Debug|.NET.ActiveCfg = Debug|Any CPU
		{BD417E9D-E79C-4C4D-B8DF-F6C54F2BAEA6}.Debug|Any CPU.ActiveCfg = Debug|Any CPU
		{BD417E9D-E79C-4C4D-B8DF-F6C54F2BAEA6}.Debug|Any CPU.Build.0 = Debug|Any CPU
		{BD417E9D-E79C-4C4D-B8DF-F6C54F2BAEA6}.Debug|Mixed Platforms.ActiveCfg = Debug|Any CPU
		{BD417E9D-E79C-4C4D-B8DF-F6C54F2BAEA6}.Debug|Mixed Platforms.Build.0 = Debug|Any CPU
		{BD417E9D-E79C-4C4D-B8DF-F6C54F2BAEA6}.Debug|x86.ActiveCfg = Debug|Any CPU
		{BD417E9D-E79C-4C4D-B8DF-F6C54F2BAEA6}.Release|.NET.ActiveCfg = Release|Any CPU
		{BD417E9D-E79C-4C4D-B8DF-F6C54F2BAEA6}.Release|Any CPU.ActiveCfg = Release|Any CPU
		{BD417E9D-E79C-4C4D-B8DF-F6C54F2BAEA6}.Release|Any CPU.Build.0 = Release|Any CPU
		{BD417E9D-E79C-4C4D-B8DF-F6C54F2BAEA6}.Release|Mixed Platforms.ActiveCfg = Release|Any CPU
		{BD417E9D-E79C-4C4D-B8DF-F6C54F2BAEA6}.Release|Mixed Platforms.Build.0 = Release|Any CPU
		{BD417E9D-E79C-4C4D-B8DF-F6C54F2BAEA6}.Release|x86.ActiveCfg = Release|Any CPU
		{1463148E-E2EA-4F7A-BCB7-73BD70539414}.Debug|.NET.ActiveCfg = Debug|Any CPU
		{1463148E-E2EA-4F7A-BCB7-73BD70539414}.Debug|Any CPU.ActiveCfg = Debug|Any CPU
		{1463148E-E2EA-4F7A-BCB7-73BD70539414}.Debug|Any CPU.Build.0 = Debug|Any CPU
		{1463148E-E2EA-4F7A-BCB7-73BD70539414}.Debug|Mixed Platforms.ActiveCfg = Debug|Any CPU
		{1463148E-E2EA-4F7A-BCB7-73BD70539414}.Debug|Mixed Platforms.Build.0 = Debug|Any CPU
		{1463148E-E2EA-4F7A-BCB7-73BD70539414}.Debug|x86.ActiveCfg = Debug|Any CPU
		{1463148E-E2EA-4F7A-BCB7-73BD70539414}.Release|.NET.ActiveCfg = Release|Any CPU
		{1463148E-E2EA-4F7A-BCB7-73BD70539414}.Release|Any CPU.ActiveCfg = Release|Any CPU
		{1463148E-E2EA-4F7A-BCB7-73BD70539414}.Release|Any CPU.Build.0 = Release|Any CPU
		{1463148E-E2EA-4F7A-BCB7-73BD70539414}.Release|Mixed Platforms.ActiveCfg = Release|Any CPU
		{1463148E-E2EA-4F7A-BCB7-73BD70539414}.Release|Mixed Platforms.Build.0 = Release|Any CPU
		{1463148E-E2EA-4F7A-BCB7-73BD70539414}.Release|x86.ActiveCfg = Release|Any CPU
		{48165860-4F1B-4B21-A024-F244BDB191E4}.Debug|.NET.ActiveCfg = Debug|Any CPU
		{48165860-4F1B-4B21-A024-F244BDB191E4}.Debug|Any CPU.ActiveCfg = Debug|Any CPU
		{48165860-4F1B-4B21-A024-F244BDB191E4}.Debug|Any CPU.Build.0 = Debug|Any CPU
		{48165860-4F1B-4B21-A024-F244BDB191E4}.Debug|Mixed Platforms.ActiveCfg = Debug|Any CPU
		{48165860-4F1B-4B21-A024-F244BDB191E4}.Debug|Mixed Platforms.Build.0 = Debug|Any CPU
		{48165860-4F1B-4B21-A024-F244BDB191E4}.Debug|x86.ActiveCfg = Debug|Any CPU
		{48165860-4F1B-4B21-A024-F244BDB191E4}.Release|.NET.ActiveCfg = Release|Any CPU
		{48165860-4F1B-4B21-A024-F244BDB191E4}.Release|Any CPU.ActiveCfg = Release|Any CPU
		{48165860-4F1B-4B21-A024-F244BDB191E4}.Release|Any CPU.Build.0 = Release|Any CPU
		{48165860-4F1B-4B21-A024-F244BDB191E4}.Release|Mixed Platforms.ActiveCfg = Release|Any CPU
		{48165860-4F1B-4B21-A024-F244BDB191E4}.Release|Mixed Platforms.Build.0 = Release|Any CPU
		{48165860-4F1B-4B21-A024-F244BDB191E4}.Release|x86.ActiveCfg = Release|Any CPU
		{61AF1142-4575-4912-A0C0-4E6D2FF6E308}.Debug|.NET.ActiveCfg = Debug|Any CPU
		{61AF1142-4575-4912-A0C0-4E6D2FF6E308}.Debug|Any CPU.ActiveCfg = Debug|Any CPU
		{61AF1142-4575-4912-A0C0-4E6D2FF6E308}.Debug|Any CPU.Build.0 = Debug|Any CPU
		{61AF1142-4575-4912-A0C0-4E6D2FF6E308}.Debug|Mixed Platforms.ActiveCfg = Debug|Any CPU
		{61AF1142-4575-4912-A0C0-4E6D2FF6E308}.Debug|Mixed Platforms.Build.0 = Debug|Any CPU
		{61AF1142-4575-4912-A0C0-4E6D2FF6E308}.Debug|x86.ActiveCfg = Debug|Any CPU
		{61AF1142-4575-4912-A0C0-4E6D2FF6E308}.Release|.NET.ActiveCfg = Release|Any CPU
		{61AF1142-4575-4912-A0C0-4E6D2FF6E308}.Release|Any CPU.ActiveCfg = Release|Any CPU
		{61AF1142-4575-4912-A0C0-4E6D2FF6E308}.Release|Any CPU.Build.0 = Release|Any CPU
		{61AF1142-4575-4912-A0C0-4E6D2FF6E308}.Release|Mixed Platforms.ActiveCfg = Release|Any CPU
		{61AF1142-4575-4912-A0C0-4E6D2FF6E308}.Release|Mixed Platforms.Build.0 = Release|Any CPU
		{61AF1142-4575-4912-A0C0-4E6D2FF6E308}.Release|x86.ActiveCfg = Release|Any CPU
		{AC801E6C-7DFE-4F3A-AE7E-DA37AD9D1715}.Debug|.NET.ActiveCfg = Debug|Any CPU
		{AC801E6C-7DFE-4F3A-AE7E-DA37AD9D1715}.Debug|Any CPU.ActiveCfg = Debug|Any CPU
		{AC801E6C-7DFE-4F3A-AE7E-DA37AD9D1715}.Debug|Any CPU.Build.0 = Debug|Any CPU
		{AC801E6C-7DFE-4F3A-AE7E-DA37AD9D1715}.Debug|Mixed Platforms.ActiveCfg = Debug|Any CPU
		{AC801E6C-7DFE-4F3A-AE7E-DA37AD9D1715}.Debug|Mixed Platforms.Build.0 = Debug|Any CPU
		{AC801E6C-7DFE-4F3A-AE7E-DA37AD9D1715}.Debug|x86.ActiveCfg = Debug|Any CPU
		{AC801E6C-7DFE-4F3A-AE7E-DA37AD9D1715}.Release|.NET.ActiveCfg = Release|Any CPU
		{AC801E6C-7DFE-4F3A-AE7E-DA37AD9D1715}.Release|Any CPU.ActiveCfg = Release|Any CPU
		{AC801E6C-7DFE-4F3A-AE7E-DA37AD9D1715}.Release|Any CPU.Build.0 = Release|Any CPU
		{AC801E6C-7DFE-4F3A-AE7E-DA37AD9D1715}.Release|Mixed Platforms.ActiveCfg = Release|Any CPU
		{AC801E6C-7DFE-4F3A-AE7E-DA37AD9D1715}.Release|Mixed Platforms.Build.0 = Release|Any CPU
		{AC801E6C-7DFE-4F3A-AE7E-DA37AD9D1715}.Release|x86.ActiveCfg = Release|Any CPU
		{7CB453F6-04DD-4ECE-8638-2AC5412A6A3B}.Debug|.NET.ActiveCfg = Debug|Any CPU
		{7CB453F6-04DD-4ECE-8638-2AC5412A6A3B}.Debug|Any CPU.ActiveCfg = Debug|Any CPU
		{7CB453F6-04DD-4ECE-8638-2AC5412A6A3B}.Debug|Any CPU.Build.0 = Debug|Any CPU
		{7CB453F6-04DD-4ECE-8638-2AC5412A6A3B}.Debug|Mixed Platforms.ActiveCfg = Debug|Any CPU
		{7CB453F6-04DD-4ECE-8638-2AC5412A6A3B}.Debug|Mixed Platforms.Build.0 = Debug|Any CPU
		{7CB453F6-04DD-4ECE-8638-2AC5412A6A3B}.Debug|x86.ActiveCfg = Debug|Any CPU
		{7CB453F6-04DD-4ECE-8638-2AC5412A6A3B}.Release|.NET.ActiveCfg = Release|Any CPU
		{7CB453F6-04DD-4ECE-8638-2AC5412A6A3B}.Release|Any CPU.ActiveCfg = Release|Any CPU
		{7CB453F6-04DD-4ECE-8638-2AC5412A6A3B}.Release|Any CPU.Build.0 = Release|Any CPU
		{7CB453F6-04DD-4ECE-8638-2AC5412A6A3B}.Release|Mixed Platforms.ActiveCfg = Release|Any CPU
		{7CB453F6-04DD-4ECE-8638-2AC5412A6A3B}.Release|Mixed Platforms.Build.0 = Release|Any CPU
		{7CB453F6-04DD-4ECE-8638-2AC5412A6A3B}.Release|x86.ActiveCfg = Release|Any CPU
		{6E2DB342-E044-4567-A4E8-CE4B691DB332}.Debug|.NET.ActiveCfg = Debug|Any CPU
		{6E2DB342-E044-4567-A4E8-CE4B691DB332}.Debug|Any CPU.ActiveCfg = Debug|Any CPU
		{6E2DB342-E044-4567-A4E8-CE4B691DB332}.Debug|Any CPU.Build.0 = Debug|Any CPU
		{6E2DB342-E044-4567-A4E8-CE4B691DB332}.Debug|Mixed Platforms.ActiveCfg = Debug|Any CPU
		{6E2DB342-E044-4567-A4E8-CE4B691DB332}.Debug|Mixed Platforms.Build.0 = Debug|Any CPU
		{6E2DB342-E044-4567-A4E8-CE4B691DB332}.Debug|x86.ActiveCfg = Debug|Any CPU
		{6E2DB342-E044-4567-A4E8-CE4B691DB332}.Release|.NET.ActiveCfg = Release|Any CPU
		{6E2DB342-E044-4567-A4E8-CE4B691DB332}.Release|Any CPU.ActiveCfg = Release|Any CPU
		{6E2DB342-E044-4567-A4E8-CE4B691DB332}.Release|Any CPU.Build.0 = Release|Any CPU
		{6E2DB342-E044-4567-A4E8-CE4B691DB332}.Release|Mixed Platforms.ActiveCfg = Release|Any CPU
		{6E2DB342-E044-4567-A4E8-CE4B691DB332}.Release|Mixed Platforms.Build.0 = Release|Any CPU
		{6E2DB342-E044-4567-A4E8-CE4B691DB332}.Release|x86.ActiveCfg = Release|Any CPU
		{4458F388-F8BF-4FD0-BE87-EA14297579C5}.Debug|.NET.ActiveCfg = Debug|Any CPU
		{4458F388-F8BF-4FD0-BE87-EA14297579C5}.Debug|Any CPU.ActiveCfg = Debug|Any CPU
		{4458F388-F8BF-4FD0-BE87-EA14297579C5}.Debug|Any CPU.Build.0 = Debug|Any CPU
		{4458F388-F8BF-4FD0-BE87-EA14297579C5}.Debug|Mixed Platforms.ActiveCfg = Debug|Any CPU
		{4458F388-F8BF-4FD0-BE87-EA14297579C5}.Debug|Mixed Platforms.Build.0 = Debug|Any CPU
		{4458F388-F8BF-4FD0-BE87-EA14297579C5}.Debug|x86.ActiveCfg = Debug|Any CPU
		{4458F388-F8BF-4FD0-BE87-EA14297579C5}.Release|.NET.ActiveCfg = Release|Any CPU
		{4458F388-F8BF-4FD0-BE87-EA14297579C5}.Release|Any CPU.ActiveCfg = Release|Any CPU
		{4458F388-F8BF-4FD0-BE87-EA14297579C5}.Release|Any CPU.Build.0 = Release|Any CPU
		{4458F388-F8BF-4FD0-BE87-EA14297579C5}.Release|Mixed Platforms.ActiveCfg = Release|Any CPU
		{4458F388-F8BF-4FD0-BE87-EA14297579C5}.Release|Mixed Platforms.Build.0 = Release|Any CPU
		{4458F388-F8BF-4FD0-BE87-EA14297579C5}.Release|x86.ActiveCfg = Release|Any CPU
		{874E6A7E-FBBB-4C92-B1B5-D84576093E52}.Debug|.NET.ActiveCfg = Debug|Any CPU
		{874E6A7E-FBBB-4C92-B1B5-D84576093E52}.Debug|Any CPU.ActiveCfg = Debug|Any CPU
		{874E6A7E-FBBB-4C92-B1B5-D84576093E52}.Debug|Any CPU.Build.0 = Debug|Any CPU
		{874E6A7E-FBBB-4C92-B1B5-D84576093E52}.Debug|Mixed Platforms.ActiveCfg = Debug|Any CPU
		{874E6A7E-FBBB-4C92-B1B5-D84576093E52}.Debug|Mixed Platforms.Build.0 = Debug|Any CPU
		{874E6A7E-FBBB-4C92-B1B5-D84576093E52}.Debug|x86.ActiveCfg = Debug|Any CPU
		{874E6A7E-FBBB-4C92-B1B5-D84576093E52}.Release|.NET.ActiveCfg = Release|Any CPU
		{874E6A7E-FBBB-4C92-B1B5-D84576093E52}.Release|Any CPU.ActiveCfg = Release|Any CPU
		{874E6A7E-FBBB-4C92-B1B5-D84576093E52}.Release|Any CPU.Build.0 = Release|Any CPU
		{874E6A7E-FBBB-4C92-B1B5-D84576093E52}.Release|Mixed Platforms.ActiveCfg = Release|Any CPU
		{874E6A7E-FBBB-4C92-B1B5-D84576093E52}.Release|Mixed Platforms.Build.0 = Release|Any CPU
		{874E6A7E-FBBB-4C92-B1B5-D84576093E52}.Release|x86.ActiveCfg = Release|Any CPU
		{33176A3F-5F5C-4BBC-8353-309DE72AD8B6}.Debug|.NET.ActiveCfg = Debug|Any CPU
		{33176A3F-5F5C-4BBC-8353-309DE72AD8B6}.Debug|Any CPU.ActiveCfg = Debug|Any CPU
		{33176A3F-5F5C-4BBC-8353-309DE72AD8B6}.Debug|Any CPU.Build.0 = Debug|Any CPU
		{33176A3F-5F5C-4BBC-8353-309DE72AD8B6}.Debug|Mixed Platforms.ActiveCfg = Debug|Any CPU
		{33176A3F-5F5C-4BBC-8353-309DE72AD8B6}.Debug|Mixed Platforms.Build.0 = Debug|Any CPU
		{33176A3F-5F5C-4BBC-8353-309DE72AD8B6}.Debug|x86.ActiveCfg = Debug|Any CPU
		{33176A3F-5F5C-4BBC-8353-309DE72AD8B6}.Release|.NET.ActiveCfg = Release|Any CPU
		{33176A3F-5F5C-4BBC-8353-309DE72AD8B6}.Release|Any CPU.ActiveCfg = Release|Any CPU
		{33176A3F-5F5C-4BBC-8353-309DE72AD8B6}.Release|Any CPU.Build.0 = Release|Any CPU
		{33176A3F-5F5C-4BBC-8353-309DE72AD8B6}.Release|Mixed Platforms.ActiveCfg = Release|Any CPU
		{33176A3F-5F5C-4BBC-8353-309DE72AD8B6}.Release|Mixed Platforms.Build.0 = Release|Any CPU
		{33176A3F-5F5C-4BBC-8353-309DE72AD8B6}.Release|x86.ActiveCfg = Release|Any CPU
	EndGlobalSection
	GlobalSection(SolutionProperties) = preSolution
		HideSolutionNode = FALSE
	EndGlobalSection
	GlobalSection(TestCaseManagementSettings) = postSolution
		CategoryFile = KiSSSvc.vsmdi
	EndGlobalSection
EndGlobal
